
Microsoft Visual Studio Solution File, Format Version 12.00
# Visual Studio Version 16
VisualStudioVersion = 16.0.30503.244
MinimumVisualStudioVersion = 10.0.40219.1
Project("{9A19103F-16F7-4668-BE54-9A1E7A4F7556}") = "ProblemDetails.WebApi", "ProblemDetails.WebApi\ProblemDetails.WebApi.csproj", "{3E77C55D-5803-40AF-8C81-8BA806C716EB}"
EndProject
Project("{9A19103F-16F7-4668-BE54-9A1E7A4F7556}") = "ProblemDetails.WebApi.Sample", "ProblemDetails.WebApi.Sample\ProblemDetails.WebApi.Sample.csproj", "{31B300F6-DB14-433A-810B-2B3E3BF7427F}"
EndProject
Project("{2150E333-8FDC-42A3-9474-1A3956D46DE8}") = "common", "common", "{3FCAAA94-1AB9-461C-9D24-CC0E728CB83A}"
	ProjectSection(SolutionItems) = preProject
		Directory.Build.props = Directory.Build.props
		LICENSE.txt = LICENSE.txt
		README.md = README.md
	EndProjectSection
EndProject
Project("{FAE04EC0-301F-11D3-BF4B-00C04F79EFBC}") = "ProblemDetails.Core", "ProblemDetails.Core\ProblemDetails.Core.csproj", "{5FD75CEA-E79F-4885-A7D2-1854E14CA12B}"
EndProject
Global
	GlobalSection(SolutionConfigurationPlatforms) = preSolution
		Debug|Any CPU = Debug|Any CPU
		Release|Any CPU = Release|Any CPU
	EndGlobalSection
	GlobalSection(ProjectConfigurationPlatforms) = postSolution
		{3E77C55D-5803-40AF-8C81-8BA806C716EB}.Debug|Any CPU.ActiveCfg = Debug|Any CPU
		{3E77C55D-5803-40AF-8C81-8BA806C716EB}.Debug|Any CPU.Build.0 = Debug|Any CPU
		{3E77C55D-5803-40AF-8C81-8BA806C716EB}.Release|Any CPU.ActiveCfg = Release|Any CPU
		{3E77C55D-5803-40AF-8C81-8BA806C716EB}.Release|Any CPU.Build.0 = Release|Any CPU
		{31B300F6-DB14-433A-810B-2B3E3BF7427F}.Debug|Any CPU.ActiveCfg = Debug|Any CPU
		{31B300F6-DB14-433A-810B-2B3E3BF7427F}.Debug|Any CPU.Build.0 = Debug|Any CPU
		{31B300F6-DB14-433A-810B-2B3E3BF7427F}.Release|Any CPU.ActiveCfg = Release|Any CPU
		{31B300F6-DB14-433A-810B-2B3E3BF7427F}.Release|Any CPU.Build.0 = Release|Any CPU
		{5FD75CEA-E79F-4885-A7D2-1854E14CA12B}.Debug|Any CPU.ActiveCfg = Debug|Any CPU
		{5FD75CEA-E79F-4885-A7D2-1854E14CA12B}.Debug|Any CPU.Build.0 = Debug|Any CPU
		{5FD75CEA-E79F-4885-A7D2-1854E14CA12B}.Release|Any CPU.ActiveCfg = Release|Any CPU
		{5FD75CEA-E79F-4885-A7D2-1854E14CA12B}.Release|Any CPU.Build.0 = Release|Any CPU
	EndGlobalSection
	GlobalSection(SolutionProperties) = preSolution
		HideSolutionNode = FALSE
	EndGlobalSection
	GlobalSection(ExtensibilityGlobals) = postSolution
		SolutionGuid = {07543D90-B106-4BA6-AF58-99EE0492102B}
	EndGlobalSection
EndGlobal
